
Microsoft Visual Studio Solution File, Format Version 12.00
# Visual Studio 15
VisualStudioVersion = 15.0.28307.329
MinimumVisualStudioVersion = 10.0.40219.1
Project("{FAE04EC0-301F-11D3-BF4B-00C04F79EFBC}") = "Complex", "Complex\Complex.csproj", "{C7A56473-F1D5-4D61-A24C-8140E2EF93D4}"
EndProject
Global
	GlobalSection(SolutionConfigurationPlatforms) = preSolution
		Debug|Any CPU = Debug|Any CPU
		Release|Any CPU = Release|Any CPU
	EndGlobalSection
	GlobalSection(ProjectConfigurationPlatforms) = postSolution
		{C7A56473-F1D5-4D61-A24C-8140E2EF93D4}.Debug|Any CPU.ActiveCfg = Debug|Any CPU
		{C7A56473-F1D5-4D61-A24C-8140E2EF93D4}.Debug|Any CPU.Build.0 = Debug|Any CPU
		{C7A56473-F1D5-4D61-A24C-8140E2EF93D4}.Release|Any CPU.ActiveCfg = Release|Any CPU
		{C7A56473-F1D5-4D61-A24C-8140E2EF93D4}.Release|Any CPU.Build.0 = Release|Any CPU
	EndGlobalSection
	GlobalSection(SolutionProperties) = preSolution
		HideSolutionNode = FALSE
	EndGlobalSection
	GlobalSection(ExtensibilityGlobals) = postSolution
		SolutionGuid = {5FEE1686-80EB-42A2-82B5-B7AFC42A9118}
	EndGlobalSection
EndGlobal
